{
  "name": "v22",
  "version": "0.0.0",
  "lockfileVersion": 1,
  "requires": true,
  "dependencies": {
    "@lit/reactive-element": {
      "version": "1.0.1",
      "resolved": "https://registry.npmjs.org/@lit/reactive-element/-/reactive-element-1.0.1.tgz",
      "integrity": "sha512-nSD5AA2AZkKuXuvGs8IK7K5ZczLAogfDd26zT9l6S7WzvqALdVWcW5vMUiTnZyj5SPcNwNNANj0koeV1ieqTFQ=="
    },
    "@polymer/iron-a11y-announcer": {
      "version": "3.2.0",
      "resolved": "https://registry.npmjs.org/@polymer/iron-a11y-announcer/-/iron-a11y-announcer-3.2.0.tgz",
      "integrity": "sha512-We+hyaFHcg7Ke8ovsoxUpYEXFIJLHxMCDaLehTB4dELS+C+K0zMnGSiqQvb/YzGS+nSYpAfkQIyg1msOCdHMtA==",
      "requires": {
        "@polymer/polymer": "^3.0.0"
      }
    },
    "@polymer/iron-a11y-keys-behavior": {
      "version": "3.0.1",
      "resolved": "https://registry.npmjs.org/@polymer/iron-a11y-keys-behavior/-/iron-a11y-keys-behavior-3.0.1.tgz",
      "integrity": "sha512-lnrjKq3ysbBPT/74l0Fj0U9H9C35Tpw2C/tpJ8a+5g8Y3YJs1WSZYnEl1yOkw6sEyaxOq/1DkzH0+60gGu5/PQ==",
      "requires": {
        "@polymer/polymer": "^3.0.0"
      }
    },
    "@polymer/iron-flex-layout": {
      "version": "3.0.1",
      "resolved": "https://registry.npmjs.org/@polymer/iron-flex-layout/-/iron-flex-layout-3.0.1.tgz",
      "integrity": "sha512-7gB869czArF+HZcPTVSgvA7tXYFze9EKckvM95NB7SqYF+NnsQyhoXgKnpFwGyo95lUjUW9TFDLUwDXnCYFtkw==",
      "requires": {
        "@polymer/polymer": "^3.0.0"
      }
    },
    "@polymer/iron-icon": {
      "version": "3.0.1",
      "resolved": "https://registry.npmjs.org/@polymer/iron-icon/-/iron-icon-3.0.1.tgz",
      "integrity": "sha512-QLPwirk+UPZNaLnMew9VludXA4CWUCenRewgEcGYwdzVgDPCDbXxy6vRJjmweZobMQv/oVLppT2JZtJFnPxX6g==",
      "requires": {
        "@polymer/iron-flex-layout": "^3.0.0-pre.26",
        "@polymer/iron-meta": "^3.0.0-pre.26",
        "@polymer/polymer": "^3.0.0"
      }
    },
    "@polymer/iron-iconset-svg": {
      "version": "3.0.1",
      "resolved": "https://registry.npmjs.org/@polymer/iron-iconset-svg/-/iron-iconset-svg-3.0.1.tgz",
      "integrity": "sha512-XNwURbNHRw6u2fJe05O5fMYye6GSgDlDqCO+q6K1zAnKIrpgZwf2vTkBd5uCcZwsN0FyCB3mvNZx4jkh85dRDw==",
      "requires": {
        "@polymer/iron-meta": "^3.0.0-pre.26",
        "@polymer/polymer": "^3.0.0"
      }
    },
    "@polymer/iron-media-query": {
      "version": "3.0.1",
      "resolved": "https://registry.npmjs.org/@polymer/iron-media-query/-/iron-media-query-3.0.1.tgz",
      "integrity": "sha512-czUX1pm1zfmfcZtq5J57XFkcobBv08Y50exp0/3v8Bos5VL/jv2tU0RwiTfDBxUMhjicGbgwEBFQPY2V5DMzyw==",
      "requires": {
        "@polymer/polymer": "^3.0.0"
      }
    },
    "@polymer/iron-meta": {
      "version": "3.0.1",
      "resolved": "https://registry.npmjs.org/@polymer/iron-meta/-/iron-meta-3.0.1.tgz",
      "integrity": "sha512-pWguPugiLYmWFV9UWxLWzZ6gm4wBwQdDy4VULKwdHCqR7OP7u98h+XDdGZsSlDPv6qoryV/e3tGHlTIT0mbzJA==",
      "requires": {
        "@polymer/polymer": "^3.0.0"
      }
    },
    "@polymer/iron-resizable-behavior": {
      "version": "3.0.1",
      "resolved": "https://registry.npmjs.org/@polymer/iron-resizable-behavior/-/iron-resizable-behavior-3.0.1.tgz",
      "integrity": "sha512-FyHxRxFspVoRaeZSWpT3y0C9awomb4tXXolIJcZ7RvXhMP632V5lez+ch5G5SwK0LpnAPkg35eB0LPMFv+YMMQ==",
      "requires": {
        "@polymer/polymer": "^3.0.0"
      }
    },
    "@polymer/polymer": {
      "version": "3.4.1",
      "resolved": "https://registry.npmjs.org/@polymer/polymer/-/polymer-3.4.1.tgz",
      "integrity": "sha512-KPWnhDZibtqKrUz7enIPOiO4ZQoJNOuLwqrhV2MXzIt3VVnUVJVG5ORz4Z2sgO+UZ+/UZnPD0jqY+jmw/+a9mQ==",
      "requires": {
        "@webcomponents/shadycss": "^1.9.1"
      }
    },
    "@types/trusted-types": {
      "version": "2.0.2",
      "resolved": "https://registry.npmjs.org/@types/trusted-types/-/trusted-types-2.0.2.tgz",
      "integrity": "sha512-F5DIZ36YVLE+PN+Zwws4kJogq47hNgX3Nx6WyDJ3kcplxyke3XIzB8uK5n/Lpm1HBsbGzd6nmGehL8cPekP+Tg=="
    },
    "@vaadin/button": {
      "version": "22.0.0-beta1",
      "resolved": "https://registry.npmjs.org/@vaadin/button/-/button-22.0.0-beta1.tgz",
      "integrity": "sha512-b71udqCagar0h9ea6ZOgpo93siUSVGj7puW8k4KtAVpFALbtExB2Iq1mAzS8L8rFmUAE9PyruzecR7o/4n83xg==",
      "requires": {
        "@polymer/polymer": "^3.0.0",
        "@vaadin/component-base": "22.0.0-beta1",
        "@vaadin/vaadin-lumo-styles": "22.0.0-beta1",
        "@vaadin/vaadin-material-styles": "22.0.0-beta1",
        "@vaadin/vaadin-themable-mixin": "22.0.0-beta1"
      }
    },
    "@vaadin/checkbox": {
      "version": "22.0.0-beta1",
      "resolved": "https://registry.npmjs.org/@vaadin/checkbox/-/checkbox-22.0.0-beta1.tgz",
      "integrity": "sha512-JX9Y9tSLlmw7ccfLx9aBoPbLe6F8gk2bV3DEHuMP8Iw67LC1Q6wISs1bOtCAzCmmzvBDTp3iGMWEU4icGPOvMg==",
      "requires": {
        "@polymer/polymer": "^3.0.0",
        "@vaadin/component-base": "22.0.0-beta1",
        "@vaadin/field-base": "22.0.0-beta1",
        "@vaadin/vaadin-lumo-styles": "22.0.0-beta1",
        "@vaadin/vaadin-material-styles": "22.0.0-beta1",
        "@vaadin/vaadin-themable-mixin": "22.0.0-beta1"
      }
    },
    "@vaadin/checkbox-group": {
      "version": "22.0.0-beta1",
      "resolved": "https://registry.npmjs.org/@vaadin/checkbox-group/-/checkbox-group-22.0.0-beta1.tgz",
      "integrity": "sha512-hmvzDgxs633VaggpAHEGEUhNH9Em0jm90MAFmfxOHa1cgZU3x6psMwRaGFr53pGrZCBEmy9gRB6l39THEcrFVQ==",
      "requires": {
        "@polymer/polymer": "^3.0.0",
        "@vaadin/checkbox": "22.0.0-beta1",
        "@vaadin/component-base": "22.0.0-beta1",
        "@vaadin/vaadin-lumo-styles": "22.0.0-beta1",
        "@vaadin/vaadin-material-styles": "22.0.0-beta1",
        "@vaadin/vaadin-themable-mixin": "22.0.0-beta1"
      }
    },
    "@vaadin/combo-box": {
      "version": "22.0.0-beta1",
      "resolved": "https://registry.npmjs.org/@vaadin/combo-box/-/combo-box-22.0.0-beta1.tgz",
      "integrity": "sha512-ICFBjBMnrMoxim4ajznAGW54DMbXSqSnFvbm6NflpTA1I9rg/2ScoV0VM+o3y5SjrtqLuk36reTYE0RM5gsU9w==",
      "requires": {
        "@polymer/iron-resizable-behavior": "^3.0.0",
        "@polymer/polymer": "^3.0.0",
        "@vaadin/component-base": "22.0.0-beta1",
        "@vaadin/field-base": "22.0.0-beta1",
        "@vaadin/input-container": "22.0.0-beta1",
        "@vaadin/item": "22.0.0-beta1",
        "@vaadin/vaadin-lumo-styles": "22.0.0-beta1",
        "@vaadin/vaadin-material-styles": "22.0.0-beta1",
        "@vaadin/vaadin-overlay": "22.0.0-beta1",
        "@vaadin/vaadin-themable-mixin": "22.0.0-beta1"
      }
    },
    "@vaadin/component-base": {
      "version": "22.0.0-beta1",
      "resolved": "https://registry.npmjs.org/@vaadin/component-base/-/component-base-22.0.0-beta1.tgz",
      "integrity": "sha512-A6KamURWiG0rqKtgT+joZv9UMZU8JdVro0ATqzILgtV0NGl4BOQ+rF97j4WZZdy5kmiFJ/9DLLNX02M3wSyhfA==",
      "requires": {
        "@polymer/polymer": "^3.0.0",
        "@vaadin/vaadin-development-mode-detector": "^2.0.0",
        "@vaadin/vaadin-usage-statistics": "^2.1.0",
        "lit": "^2.0.0"
      }
    },
    "@vaadin/custom-field": {
      "version": "22.0.0-beta1",
      "resolved": "https://registry.npmjs.org/@vaadin/custom-field/-/custom-field-22.0.0-beta1.tgz",
      "integrity": "sha512-jCnDkQCaMJ1WO9er/rKWlvsfCbB9/SeVQqITbE0MLAPOhYrWTmmlykt0qD/N654BNs0SRjNsbqtBAHD2H45OgQ==",
      "requires": {
        "@polymer/polymer": "^3.0.0",
        "@vaadin/component-base": "22.0.0-beta1",
        "@vaadin/field-base": "22.0.0-beta1",
        "@vaadin/vaadin-lumo-styles": "22.0.0-beta1",
        "@vaadin/vaadin-material-styles": "22.0.0-beta1",
        "@vaadin/vaadin-themable-mixin": "22.0.0-beta1"
      }
    },
    "@vaadin/date-picker": {
      "version": "22.0.0-beta1",
      "resolved": "https://registry.npmjs.org/@vaadin/date-picker/-/date-picker-22.0.0-beta1.tgz",
      "integrity": "sha512-/nz5z9w3QZZOIpwlMtmksMW/iq1DrJLoXmxenoyyw+pnxKtlZ0eKPRb/F1CVRt478plkyKqkm8c4huoKlDbSeQ==",
      "requires": {
        "@polymer/iron-a11y-announcer": "^3.0.0",
        "@polymer/iron-a11y-keys-behavior": "^3.0.0",
        "@polymer/iron-media-query": "^3.0.0",
        "@polymer/polymer": "^3.2.0",
        "@vaadin/button": "22.0.0-beta1",
        "@vaadin/component-base": "22.0.0-beta1",
        "@vaadin/field-base": "22.0.0-beta1",
        "@vaadin/input-container": "22.0.0-beta1",
        "@vaadin/vaadin-lumo-styles": "22.0.0-beta1",
        "@vaadin/vaadin-material-styles": "22.0.0-beta1",
        "@vaadin/vaadin-overlay": "22.0.0-beta1",
        "@vaadin/vaadin-themable-mixin": "22.0.0-beta1"
      }
    },
    "@vaadin/date-time-picker": {
      "version": "22.0.0-beta1",
      "resolved": "https://registry.npmjs.org/@vaadin/date-time-picker/-/date-time-picker-22.0.0-beta1.tgz",
      "integrity": "sha512-Hu+Z+2wkmBg7Jhn4VQMpB4kCHtEJJdZsQNYI8LUS+lotTlPIekcW03kMjBgH1bm5YFCT2yDAqImy8PKQEZmh0g==",
      "requires": {
        "@polymer/polymer": "^3.0.0",
        "@vaadin/component-base": "22.0.0-beta1",
        "@vaadin/custom-field": "22.0.0-beta1",
        "@vaadin/date-picker": "22.0.0-beta1",
        "@vaadin/field-base": "22.0.0-beta1",
        "@vaadin/time-picker": "22.0.0-beta1",
        "@vaadin/vaadin-lumo-styles": "22.0.0-beta1",
        "@vaadin/vaadin-material-styles": "22.0.0-beta1",
        "@vaadin/vaadin-themable-mixin": "22.0.0-beta1"
      }
    },
    "@vaadin/email-field": {
      "version": "22.0.0-beta1",
      "resolved": "https://registry.npmjs.org/@vaadin/email-field/-/email-field-22.0.0-beta1.tgz",
      "integrity": "sha512-ITLW97CcDcHbumX6m06sy3c3zUZvJeMuH6QQDRqCueNN7HYzCUq/eXeULwM062Rp76BiTtwjIjvKvvxu0+y+Ww==",
      "requires": {
        "@polymer/polymer": "^3.0.0",
        "@vaadin/component-base": "22.0.0-beta1",
        "@vaadin/text-field": "22.0.0-beta1",
        "@vaadin/vaadin-lumo-styles": "22.0.0-beta1",
        "@vaadin/vaadin-material-styles": "22.0.0-beta1",
        "@vaadin/vaadin-themable-mixin": "22.0.0-beta1"
      }
    },
    "@vaadin/field-base": {
      "version": "22.0.0-beta1",
      "resolved": "https://registry.npmjs.org/@vaadin/field-base/-/field-base-22.0.0-beta1.tgz",
      "integrity": "sha512-TyS3aG/8BHgup983sdHiMvNRfmdCl85LBLbQ2nGzoHxTAXO11SfFiO2j/82IjNO12ecxRT0S3WY6EUHAOmBZ0w==",
      "requires": {
        "@polymer/polymer": "^3.0.0",
        "@vaadin/component-base": "22.0.0-beta1",
        "lit": "^2.0.0"
      }
    },
    "@vaadin/icon": {
      "version": "22.0.0-beta1",
      "resolved": "https://registry.npmjs.org/@vaadin/icon/-/icon-22.0.0-beta1.tgz",
      "integrity": "sha512-62Ea0BvFHaYS6QgvbOJj+ounSz7IUCbjZdmFE9KmkGHCsH/9S0HBSnW/tjAYtowYpa29gnyVw0B6iJKar5RERw==",
      "requires": {
        "@polymer/polymer": "^3.0.0",
        "@vaadin/component-base": "22.0.0-beta1",
        "@vaadin/vaadin-lumo-styles": "22.0.0-beta1",
        "@vaadin/vaadin-themable-mixin": "22.0.0-beta1",
        "lit": "^2.0.0"
      }
    },
    "@vaadin/input-container": {
      "version": "22.0.0-beta1",
      "resolved": "https://registry.npmjs.org/@vaadin/input-container/-/input-container-22.0.0-beta1.tgz",
      "integrity": "sha512-ExFBH2C0YfoJCHjfhRb5Qg9W8JWvtxYxRRGKO/dNHveOxaVkQJ2bSn/O+0+PH6WfFO/YQfGahNjGrAU9U/uzrQ==",
      "requires": {
        "@polymer/polymer": "^3.0.0",
        "@vaadin/component-base": "22.0.0-beta1",
        "@vaadin/vaadin-lumo-styles": "22.0.0-beta1",
        "@vaadin/vaadin-material-styles": "22.0.0-beta1",
        "@vaadin/vaadin-themable-mixin": "22.0.0-beta1"
      }
    },
    "@vaadin/item": {
      "version": "22.0.0-beta1",
      "resolved": "https://registry.npmjs.org/@vaadin/item/-/item-22.0.0-beta1.tgz",
      "integrity": "sha512-trtLuxkcZIXfRQ1NNT8qDHrKwmzWiclalKAVOVj9sOHqtBxYvuACxlf0lREgeo83LcPBEwhZ34HdSwmjYHpmSQ==",
      "requires": {
        "@polymer/polymer": "^3.0.0",
        "@vaadin/component-base": "22.0.0-beta1",
        "@vaadin/vaadin-lumo-styles": "22.0.0-beta1",
        "@vaadin/vaadin-material-styles": "22.0.0-beta1",
        "@vaadin/vaadin-themable-mixin": "22.0.0-beta1"
      }
    },
    "@vaadin/list-box": {
      "version": "22.0.0-beta1",
      "resolved": "https://registry.npmjs.org/@vaadin/list-box/-/list-box-22.0.0-beta1.tgz",
      "integrity": "sha512-N/NeM/Ng9K7tP4o0tmJNrceKz/WfnA7pZxAlcQe69VvdlE6Een0qyUXIpfjuq8tqLuqSHhoZ4EsnlvG1D14N/w==",
      "requires": {
        "@polymer/polymer": "^3.0.0",
        "@vaadin/component-base": "22.0.0-beta1",
        "@vaadin/item": "22.0.0-beta1",
        "@vaadin/vaadin-list-mixin": "22.0.0-beta1",
        "@vaadin/vaadin-lumo-styles": "22.0.0-beta1",
        "@vaadin/vaadin-material-styles": "22.0.0-beta1",
        "@vaadin/vaadin-themable-mixin": "22.0.0-beta1"
      }
    },
    "@vaadin/number-field": {
      "version": "22.0.0-beta1",
      "resolved": "https://registry.npmjs.org/@vaadin/number-field/-/number-field-22.0.0-beta1.tgz",
      "integrity": "sha512-mAPYk0fkE3e+91uuyMfvo5CV0TJCsZcuem5QcDBqQLKlrAi2NmHHCUzoVLYyDeCNwvXB2npYoT/0CTolNLzcnw==",
      "requires": {
        "@polymer/polymer": "^3.0.0",
        "@vaadin/component-base": "22.0.0-beta1",
        "@vaadin/field-base": "22.0.0-beta1",
        "@vaadin/input-container": "22.0.0-beta1",
        "@vaadin/vaadin-lumo-styles": "22.0.0-beta1",
        "@vaadin/vaadin-material-styles": "22.0.0-beta1",
        "@vaadin/vaadin-themable-mixin": "22.0.0-beta1"
      }
    },
    "@vaadin/password-field": {
      "version": "22.0.0-beta1",
      "resolved": "https://registry.npmjs.org/@vaadin/password-field/-/password-field-22.0.0-beta1.tgz",
      "integrity": "sha512-CQQQgphWToPTW+F4e/+a5WZCYVbrzyAyxAAaUjrB7lQ2aqkPfos/oiQG1QBYK4TWGC6SCFSY+0ttUBTXUVYfcg==",
      "requires": {
        "@polymer/polymer": "^3.0.0",
        "@vaadin/text-field": "22.0.0-beta1",
        "@vaadin/vaadin-lumo-styles": "22.0.0-beta1",
        "@vaadin/vaadin-material-styles": "22.0.0-beta1"
      }
    },
    "@vaadin/progress-bar": {
      "version": "22.0.0-beta1",
      "resolved": "https://registry.npmjs.org/@vaadin/progress-bar/-/progress-bar-22.0.0-beta1.tgz",
      "integrity": "sha512-hy6ENyNKoTafdnLusclWGKEnRCtbtpjAXrw45cSxOg2MSLfYCobboBySgRtT+oGlFWI3gFpiBYsk6H/qShmn+Q==",
      "requires": {
        "@polymer/polymer": "^3.0.0",
        "@vaadin/component-base": "22.0.0-beta1",
        "@vaadin/vaadin-lumo-styles": "22.0.0-beta1",
        "@vaadin/vaadin-material-styles": "22.0.0-beta1",
        "@vaadin/vaadin-themable-mixin": "22.0.0-beta1"
      }
    },
    "@vaadin/radio-group": {
      "version": "22.0.0-beta1",
      "resolved": "https://registry.npmjs.org/@vaadin/radio-group/-/radio-group-22.0.0-beta1.tgz",
      "integrity": "sha512-yKqtQuBxeYdDqinYeFUn48WrRVLKHz1IwCNos+6kD387C9XKHMjTbtQmWqT4TYNNxmT0mgWGbq2Ko19kviP/Jw==",
      "requires": {
        "@polymer/polymer": "^3.0.0",
        "@vaadin/component-base": "22.0.0-beta1",
        "@vaadin/field-base": "22.0.0-beta1",
        "@vaadin/vaadin-lumo-styles": "22.0.0-beta1",
        "@vaadin/vaadin-material-styles": "22.0.0-beta1",
        "@vaadin/vaadin-themable-mixin": "22.0.0-beta1"
      }
    },
    "@vaadin/select": {
      "version": "22.0.0-beta1",
      "resolved": "https://registry.npmjs.org/@vaadin/select/-/select-22.0.0-beta1.tgz",
      "integrity": "sha512-QOSpmBlTteTlond28nbGFx8/AtfltD0aKmALUpHHWeMHsWv/MMlQPQsTY8UT2SJmeqvQHl31LODyBC3N+BNVGg==",
      "requires": {
        "@polymer/iron-media-query": "^3.0.0",
        "@polymer/polymer": "^3.2.0",
        "@vaadin/button": "22.0.0-beta1",
        "@vaadin/component-base": "22.0.0-beta1",
        "@vaadin/field-base": "22.0.0-beta1",
        "@vaadin/input-container": "22.0.0-beta1",
        "@vaadin/item": "22.0.0-beta1",
        "@vaadin/list-box": "22.0.0-beta1",
        "@vaadin/vaadin-list-mixin": "22.0.0-beta1",
        "@vaadin/vaadin-lumo-styles": "22.0.0-beta1",
        "@vaadin/vaadin-material-styles": "22.0.0-beta1",
        "@vaadin/vaadin-overlay": "22.0.0-beta1",
        "@vaadin/vaadin-themable-mixin": "22.0.0-beta1"
      }
    },
    "@vaadin/text-area": {
      "version": "22.0.0-beta1",
      "resolved": "https://registry.npmjs.org/@vaadin/text-area/-/text-area-22.0.0-beta1.tgz",
      "integrity": "sha512-WVspag5DrbIereyAvB0X0s/Yq60S5rQocH3tFYNo4GrtxtmVovhPKKgiWhCuybZdq91/WskCXWh/1pVcdW6Gcg==",
      "requires": {
        "@polymer/polymer": "^3.0.0",
        "@vaadin/component-base": "22.0.0-beta1",
        "@vaadin/field-base": "22.0.0-beta1",
        "@vaadin/input-container": "22.0.0-beta1",
        "@vaadin/vaadin-lumo-styles": "22.0.0-beta1",
        "@vaadin/vaadin-material-styles": "22.0.0-beta1",
        "@vaadin/vaadin-themable-mixin": "22.0.0-beta1"
      }
    },
    "@vaadin/text-field": {
      "version": "22.0.0-beta1",
      "resolved": "https://registry.npmjs.org/@vaadin/text-field/-/text-field-22.0.0-beta1.tgz",
      "integrity": "sha512-VbsCqAo7IF41GmwB5fCmPYRv9SaP3C25kbiJvmtm1ewMuOsuTuDfkrlulQo0rCJEo+SL4QoXNqCt3W8myXCFEw==",
      "requires": {
        "@polymer/polymer": "^3.0.0",
        "@vaadin/component-base": "22.0.0-beta1",
        "@vaadin/field-base": "22.0.0-beta1",
        "@vaadin/input-container": "22.0.0-beta1",
        "@vaadin/vaadin-lumo-styles": "22.0.0-beta1",
        "@vaadin/vaadin-material-styles": "22.0.0-beta1",
        "@vaadin/vaadin-themable-mixin": "22.0.0-beta1"
      }
    },
    "@vaadin/time-picker": {
      "version": "22.0.0-beta1",
      "resolved": "https://registry.npmjs.org/@vaadin/time-picker/-/time-picker-22.0.0-beta1.tgz",
      "integrity": "sha512-wH3RBEuVO0/Fy3quhU+UJETmDxZOun7bwuVhCVDMCeGqgj0z0NijbZBUfN2lCGXvUBFXocjmMedvvZZ6noLbFw==",
      "requires": {
        "@polymer/polymer": "^3.0.0",
        "@vaadin/combo-box": "22.0.0-beta1",
        "@vaadin/component-base": "22.0.0-beta1",
        "@vaadin/field-base": "22.0.0-beta1",
        "@vaadin/input-container": "22.0.0-beta1",
        "@vaadin/vaadin-lumo-styles": "22.0.0-beta1",
        "@vaadin/vaadin-material-styles": "22.0.0-beta1",
        "@vaadin/vaadin-themable-mixin": "22.0.0-beta1"
      }
    },
    "@vaadin/upload": {
      "version": "22.0.0-beta1",
      "resolved": "https://registry.npmjs.org/@vaadin/upload/-/upload-22.0.0-beta1.tgz",
      "integrity": "sha512-cjTZAbpRVJW57Tjyi3iiXvBWyGVSeCA//7a1dMbxrJtZnBTiX9jFKm7l3i4XYxfq26MW8MZkXtHUgXISvbjpcQ==",
      "requires": {
        "@polymer/polymer": "^3.0.0",
        "@vaadin/button": "22.0.0-beta1",
        "@vaadin/component-base": "22.0.0-beta1",
        "@vaadin/progress-bar": "22.0.0-beta1",
        "@vaadin/vaadin-lumo-styles": "22.0.0-beta1",
        "@vaadin/vaadin-material-styles": "22.0.0-beta1",
        "@vaadin/vaadin-themable-mixin": "22.0.0-beta1"
      }
    },
    "@vaadin/vaadin-development-mode-detector": {
      "version": "2.0.4",
      "resolved": "https://registry.npmjs.org/@vaadin/vaadin-development-mode-detector/-/vaadin-development-mode-detector-2.0.4.tgz",
      "integrity": "sha512-S+PaFrZpK8uBIOnIHxjntTrgumd5ztuCnZww96ydGKXgo9whXfZsbMwDuD/102a/IuPUMyF+dh/n3PbWzJ6igA=="
    },
    "@vaadin/vaadin-list-mixin": {
      "version": "22.0.0-beta1",
      "resolved": "https://registry.npmjs.org/@vaadin/vaadin-list-mixin/-/vaadin-list-mixin-22.0.0-beta1.tgz",
      "integrity": "sha512-ewSoyHzg7xvz7o1Z02FF0Jfu/XF8RIo7ApL/FODXcma7IQ5GKuFu0KXdofesM9QVuVgRs7pS2L/WI/ZdeHNvyg==",
      "requires": {
        "@polymer/polymer": "^3.0.0",
        "@vaadin/component-base": "22.0.0-beta1"
      }
    },
    "@vaadin/vaadin-lumo-styles": {
      "version": "22.0.0-beta1",
      "resolved": "https://registry.npmjs.org/@vaadin/vaadin-lumo-styles/-/vaadin-lumo-styles-22.0.0-beta1.tgz",
      "integrity": "sha512-dMw3ZE6H+yVqPCyBKVDuGc28gl2ZNdBTBLh+a8vp06P/IPXQKpbESvR9rNVQYJ/apaBtxermS5BFh9DgUJFn6Q==",
      "requires": {
        "@polymer/iron-icon": "^3.0.0",
        "@polymer/iron-iconset-svg": "^3.0.0",
        "@polymer/polymer": "^3.0.0",
        "@vaadin/icon": "22.0.0-beta1",
        "@vaadin/vaadin-themable-mixin": "22.0.0-beta1"
      }
    },
    "@vaadin/vaadin-material-styles": {
      "version": "22.0.0-beta1",
      "resolved": "https://registry.npmjs.org/@vaadin/vaadin-material-styles/-/vaadin-material-styles-22.0.0-beta1.tgz",
      "integrity": "sha512-6pAurBcUsEu6r2Ly3w12PgZ+v1X5aYCJhK5qvjMb23SgvreBqnkY5p1O8kuHqyHQmmziah6jHA1dw+jZ1TLf0Q==",
      "requires": {
        "@polymer/polymer": "^3.0.0",
        "@vaadin/vaadin-themable-mixin": "22.0.0-beta1"
      }
    },
    "@vaadin/vaadin-overlay": {
      "version": "22.0.0-beta1",
      "resolved": "https://registry.npmjs.org/@vaadin/vaadin-overlay/-/vaadin-overlay-22.0.0-beta1.tgz",
      "integrity": "sha512-LrZA/K/3h4YCgPHbrmgtbrFqMPD3fMp4s7dQgEcxmsUNn1AkwIHLYH5KX5OUEp5hHKH1lZY3s5OGkAIg1pnuIg==",
      "requires": {
        "@polymer/polymer": "^3.0.0",
        "@vaadin/component-base": "22.0.0-beta1",
        "@vaadin/vaadin-lumo-styles": "22.0.0-beta1",
        "@vaadin/vaadin-material-styles": "22.0.0-beta1",
        "@vaadin/vaadin-themable-mixin": "22.0.0-beta1"
      }
    },
    "@vaadin/vaadin-themable-mixin": {
      "version": "22.0.0-beta1",
      "resolved": "https://registry.npmjs.org/@vaadin/vaadin-themable-mixin/-/vaadin-themable-mixin-22.0.0-beta1.tgz",
      "integrity": "sha512-uD1Ku+as/LrDT3l/bJ0Ho6qnv+JoyRUvKWTi+DdS8Km8OpUTq2+7iJMfr/ykEVFZ84OhMSRhDZMmpESrvyfD3g==",
      "requires": {
        "lit": "^2.0.0"
      }
    },
    "@vaadin/vaadin-usage-statistics": {
      "version": "2.1.0",
      "resolved": "https://registry.npmjs.org/@vaadin/vaadin-usage-statistics/-/vaadin-usage-statistics-2.1.0.tgz",
      "integrity": "sha512-e81nbqY5zsaYhLJuOVkJkB/Um1pGK5POIqIlTNhUfjeoyGaJ63tiX8+D5n6F+GgVxUTLUarsKa6SKRcQel0AzA==",
      "requires": {
        "@vaadin/vaadin-development-mode-detector": "^2.0.0"
      }
    },
    "@webcomponents/shadycss": {
      "version": "1.11.0",
      "resolved": "https://registry.npmjs.org/@webcomponents/shadycss/-/shadycss-1.11.0.tgz",
      "integrity": "sha512-L5O/+UPum8erOleNjKq6k58GVl3fNsEQdSOyh0EUhNmi7tHUyRuCJy1uqJiWydWcLARE5IPsMoPYMZmUGrz1JA=="
    },
    "lit": {
      "version": "2.0.2",
      "resolved": "https://registry.npmjs.org/lit/-/lit-2.0.2.tgz",
      "integrity": "sha512-hKA/1YaSB+P+DvKWuR2q1Xzy/iayhNrJ3aveD0OQ9CKn6wUjsdnF/7LavDOJsKP/K5jzW/kXsuduPgRvTFrFJw==",
      "requires": {
        "@lit/reactive-element": "^1.0.0",
        "lit-element": "^3.0.0",
        "lit-html": "^2.0.0"
      }
    },
    "lit-element": {
      "version": "3.0.1",
      "resolved": "https://registry.npmjs.org/lit-element/-/lit-element-3.0.1.tgz",
      "integrity": "sha512-vs9uybH9ORyK49CFjoNGN85HM9h5bmisU4TQ63phe/+GYlwvY/3SIFYKdjV6xNvzz8v2MnVC+9+QOkPqh+Q3Ew==",
      "requires": {
        "@lit/reactive-element": "^1.0.0",
        "lit-html": "^2.0.0"
      }
    },
    "lit-html": {
      "version": "2.0.1",
      "resolved": "https://registry.npmjs.org/lit-html/-/lit-html-2.0.1.tgz",
      "integrity": "sha512-KF5znvFdXbxTYM/GjpdOOnMsjgRcFGusTnB54ixnCTya5zUR0XqrDRj29ybuLS+jLXv1jji6Y8+g4W7WP8uL4w==",
      "requires": {
        "@types/trusted-types": "^2.0.2"
      }
    }
  }
}
